
Microsoft Visual Studio Solution File, Format Version 12.00
# Visual Studio Version 16
VisualStudioVersion = 16.0.30320.27
MinimumVisualStudioVersion = 10.0.40219.1
Project("{9A19103F-16F7-4668-BE54-9A1E7A4F7556}") = "OnlineMarks.Api", "OnlineMarks.Api\OnlineMarks.Api.csproj", "{00A8C49F-D2A1-44E4-9FD5-B42939281B80}"
EndProject
Project("{9A19103F-16F7-4668-BE54-9A1E7A4F7556}") = "OnlineMarks.Data.Models", "OnlineMarks.Data.Models\OnlineMarks.Data.Models.csproj", "{AE2EA805-3BE8-4466-BD11-5DB841FBA5E7}"
EndProject
Project("{9A19103F-16F7-4668-BE54-9A1E7A4F7556}") = "OnlineMarks.Data.Repositories", "OnlineMarks.Data.Repositories\OnlineMarks.Data.Repositories.csproj", "{D8B4DA03-E370-4C00-8C06-0ABC67E516BE}"
EndProject
Project("{9A19103F-16F7-4668-BE54-9A1E7A4F7556}") = "OnlineMarks.Data.ViewModels", "OnlineMarks.Data.ViewModels\OnlineMarks.Data.ViewModels.csproj", "{96977578-A13F-4359-9317-51BC3A04B3F1}"
EndProject
Project("{9A19103F-16F7-4668-BE54-9A1E7A4F7556}") = "OnlineMarks.Interfaces", "OnlineMarks.Interfaces\OnlineMarks.Interfaces.csproj", "{7123D1BC-DC8A-417F-87C2-CEFDC70B8848}"
EndProject
Project("{9A19103F-16F7-4668-BE54-9A1E7A4F7556}") = "OnlineMarks.Maps", "OnlineMarks.Maps\OnlineMarks.Maps.csproj", "{083E4514-BA29-47D3-9393-E80A30E7936E}"
EndProject
Project("{9A19103F-16F7-4668-BE54-9A1E7A4F7556}") = "OnlineMarks.Services", "OnlineMarks.Services\OnlineMarks.Services.csproj", "{4516D93C-270F-44E5-986B-1B50C19666ED}"
EndProject
Project("{9A19103F-16F7-4668-BE54-9A1E7A4F7556}") = "OnlineMarks.Tools", "OnlineMarks.Tools\OnlineMarks.Tools.csproj", "{A885FBC2-BEAF-4685-92F4-E1F9AF11520E}"
EndProject
Global
	GlobalSection(SolutionConfigurationPlatforms) = preSolution
		Debug|Any CPU = Debug|Any CPU
		Release|Any CPU = Release|Any CPU
	EndGlobalSection
	GlobalSection(ProjectConfigurationPlatforms) = postSolution
		{00A8C49F-D2A1-44E4-9FD5-B42939281B80}.Debug|Any CPU.ActiveCfg = Debug|Any CPU
		{00A8C49F-D2A1-44E4-9FD5-B42939281B80}.Debug|Any CPU.Build.0 = Debug|Any CPU
		{00A8C49F-D2A1-44E4-9FD5-B42939281B80}.Release|Any CPU.ActiveCfg = Release|Any CPU
		{00A8C49F-D2A1-44E4-9FD5-B42939281B80}.Release|Any CPU.Build.0 = Release|Any CPU
		{AE2EA805-3BE8-4466-BD11-5DB841FBA5E7}.Debug|Any CPU.ActiveCfg = Debug|Any CPU
		{AE2EA805-3BE8-4466-BD11-5DB841FBA5E7}.Debug|Any CPU.Build.0 = Debug|Any CPU
		{AE2EA805-3BE8-4466-BD11-5DB841FBA5E7}.Release|Any CPU.ActiveCfg = Release|Any CPU
		{AE2EA805-3BE8-4466-BD11-5DB841FBA5E7}.Release|Any CPU.Build.0 = Release|Any CPU
		{D8B4DA03-E370-4C00-8C06-0ABC67E516BE}.Debug|Any CPU.ActiveCfg = Debug|Any CPU
		{D8B4DA03-E370-4C00-8C06-0ABC67E516BE}.Debug|Any CPU.Build.0 = Debug|Any CPU
		{D8B4DA03-E370-4C00-8C06-0ABC67E516BE}.Release|Any CPU.ActiveCfg = Release|Any CPU
		{D8B4DA03-E370-4C00-8C06-0ABC67E516BE}.Release|Any CPU.Build.0 = Release|Any CPU
		{96977578-A13F-4359-9317-51BC3A04B3F1}.Debug|Any CPU.ActiveCfg = Debug|Any CPU
		{96977578-A13F-4359-9317-51BC3A04B3F1}.Debug|Any CPU.Build.0 = Debug|Any CPU
		{96977578-A13F-4359-9317-51BC3A04B3F1}.Release|Any CPU.ActiveCfg = Release|Any CPU
		{96977578-A13F-4359-9317-51BC3A04B3F1}.Release|Any CPU.Build.0 = Release|Any CPU
		{7123D1BC-DC8A-417F-87C2-CEFDC70B8848}.Debug|Any CPU.ActiveCfg = Debug|Any CPU
		{7123D1BC-DC8A-417F-87C2-CEFDC70B8848}.Debug|Any CPU.Build.0 = Debug|Any CPU
		{7123D1BC-DC8A-417F-87C2-CEFDC70B8848}.Release|Any CPU.ActiveCfg = Release|Any CPU
		{7123D1BC-DC8A-417F-87C2-CEFDC70B8848}.Release|Any CPU.Build.0 = Release|Any CPU
		{083E4514-BA29-47D3-9393-E80A30E7936E}.Debug|Any CPU.ActiveCfg = Debug|Any CPU
		{083E4514-BA29-47D3-9393-E80A30E7936E}.Debug|Any CPU.Build.0 = Debug|Any CPU
		{083E4514-BA29-47D3-9393-E80A30E7936E}.Release|Any CPU.ActiveCfg = Release|Any CPU
		{083E4514-BA29-47D3-9393-E80A30E7936E}.Release|Any CPU.Build.0 = Release|Any CPU
		{4516D93C-270F-44E5-986B-1B50C19666ED}.Debug|Any CPU.ActiveCfg = Debug|Any CPU
		{4516D93C-270F-44E5-986B-1B50C19666ED}.Debug|Any CPU.Build.0 = Debug|Any CPU
		{4516D93C-270F-44E5-986B-1B50C19666ED}.Release|Any CPU.ActiveCfg = Release|Any CPU
		{4516D93C-270F-44E5-986B-1B50C19666ED}.Release|Any CPU.Build.0 = Release|Any CPU
		{A885FBC2-BEAF-4685-92F4-E1F9AF11520E}.Debug|Any CPU.ActiveCfg = Debug|Any CPU
		{A885FBC2-BEAF-4685-92F4-E1F9AF11520E}.Debug|Any CPU.Build.0 = Debug|Any CPU
		{A885FBC2-BEAF-4685-92F4-E1F9AF11520E}.Release|Any CPU.ActiveCfg = Release|Any CPU
		{A885FBC2-BEAF-4685-92F4-E1F9AF11520E}.Release|Any CPU.Build.0 = Release|Any CPU
	EndGlobalSection
	GlobalSection(SolutionProperties) = preSolution
		HideSolutionNode = FALSE
	EndGlobalSection
	GlobalSection(ExtensibilityGlobals) = postSolution
		SolutionGuid = {13D7E4BA-FD17-4CA1-9715-CEE132C51BF3}
	EndGlobalSection
EndGlobal
